
Microsoft Visual Studio Solution File, Format Version 12.00
# Visual Studio Version 17
VisualStudioVersion = 17.3.32929.385
MinimumVisualStudioVersion = 10.0.40219.1
Project("{FAE04EC0-301F-11D3-BF4B-00C04F79EFBC}") = "DSX_TestApp", "DSX_TestApp\DSX_TestApp.csproj", "{6F9214F7-5860-45BA-A771-A3DE5F377D98}"
EndProject
Global
	GlobalSection(SolutionConfigurationPlatforms) = preSolution
		Debug|Any CPU = Debug|Any CPU
		Release|Any CPU = Release|Any CPU
	EndGlobalSection
	GlobalSection(ProjectConfigurationPlatforms) = postSolution
		{6F9214F7-5860-45BA-A771-A3DE5F377D98}.Debug|Any CPU.ActiveCfg = Debug|Any CPU
		{6F9214F7-5860-45BA-A771-A3DE5F377D98}.Debug|Any CPU.Build.0 = Debug|Any CPU
		{6F9214F7-5860-45BA-A771-A3DE5F377D98}.Release|Any CPU.ActiveCfg = Release|Any CPU
		{6F9214F7-5860-45BA-A771-A3DE5F377D98}.Release|Any CPU.Build.0 = Release|Any CPU
	EndGlobalSection
	GlobalSection(SolutionProperties) = preSolution
		HideSolutionNode = FALSE
	EndGlobalSection
	GlobalSection(ExtensibilityGlobals) = postSolution
		SolutionGuid = {74B8803E-AFBC-4C2A-9751-B92F353CB975}
	EndGlobalSection
EndGlobal
